{
    "_readme": [
        "This file locks the dependencies of your project to a known state",
        "Read more about it at https://getcomposer.org/doc/01-basic-usage.md#installing-dependencies",
        "This file is @generated automatically"
    ],
    "content-hash": "baa8e1e6528d4b9b31bd319da2d294ec",
    "packages": [
		{
		"name": "your-vendor-name/package-name",
		"description": "A short description of what your package does",
		"source": {
                "type": "git",
                "url": "https://github.com/facebook/php-graph-sdk.git",
                "reference": "030f8c5b9b1a6c09e71719fd638b66ea4daa2f10"
            },
		"require": {
			"php": "^5.3.3 || ^7.0"
		}
	}
	],
    "prefer-stable": false,
    "prefer-lowest": false,
    "platform": {
        "php": "^5.4|^7.0"
    }
}
